
Microsoft Visual Studio Solution File, Format Version 12.00
# Visual Studio Version 16
VisualStudioVersion = 16.0.32802.440
MinimumVisualStudioVersion = 10.0.40219.1
Project("{159641D6-6404-4A2A-AE62-294DE0FE8301}") = "ETL", "ETL\ETL.dtproj", "{4909B807-4D51-4EEE-A046-D7AF1B55236B}"
EndProject
Global
	GlobalSection(SolutionConfigurationPlatforms) = preSolution
		Development|Default = Development|Default
	EndGlobalSection
	GlobalSection(ProjectConfigurationPlatforms) = postSolution
		{4909B807-4D51-4EEE-A046-D7AF1B55236B}.Development|Default.ActiveCfg = Development
		{4909B807-4D51-4EEE-A046-D7AF1B55236B}.Development|Default.Build.0 = Development
	EndGlobalSection
	GlobalSection(SolutionProperties) = preSolution
		HideSolutionNode = FALSE
	EndGlobalSection
	GlobalSection(ExtensibilityGlobals) = postSolution
		SolutionGuid = {D8D12712-7833-4A19-A331-9A5EF2105153}
	EndGlobalSection
EndGlobal
